
Microsoft Visual Studio Solution File, Format Version 11.00
# Visual Studio 2010
Project("{FAE04EC0-301F-11D3-BF4B-00C04F79EFBC}") = "Assembly-CSharp", "Assembly-CSharp.csproj", "{5212b88c-d3c4-89e0-8033-c712f8c36b41}"
EndProject
Project("{FAE04EC0-301F-11D3-BF4B-00C04F79EFBC}") = "NavMeshComponents", "NavMeshComponents.csproj", "{32a7b6ae-a511-fd41-807a-4621f9b091f4}"
EndProject
Project("{FAE04EC0-301F-11D3-BF4B-00C04F79EFBC}") = "Unity.XR.Interaction.Toolkit.Samples.StarterAssets", "Unity.XR.Interaction.Toolkit.Samples.StarterAssets.csproj", "{a40f2c8b-ce9e-517c-678d-c7c58a340dcf}"
EndProject
Project("{FAE04EC0-301F-11D3-BF4B-00C04F79EFBC}") = "Unity.XR.Interaction.Toolkit.Samples.ARStarterAssets", "Unity.XR.Interaction.Toolkit.Samples.ARStarterAssets.csproj", "{5f7107d0-b21e-1d26-c8d8-f48ce6289c1b}"
EndProject
Project("{FAE04EC0-301F-11D3-BF4B-00C04F79EFBC}") = "NavMeshComponentsEditor", "NavMeshComponentsEditor.csproj", "{989b04fc-d8dc-8fbd-01ce-6056f349e3b6}"
EndProject
Project("{FAE04EC0-301F-11D3-BF4B-00C04F79EFBC}") = "Unity.XR.Interaction.Toolkit.Samples.StarterAssets.Editor", "Unity.XR.Interaction.Toolkit.Samples.StarterAssets.Editor.csproj", "{4bf04e56-d8d6-9241-2203-bb5956900a02}"
EndProject
Project("{FAE04EC0-301F-11D3-BF4B-00C04F79EFBC}") = "Unity.XR.Interaction.Toolkit.Samples.ARStarterAssets.Editor", "Unity.XR.Interaction.Toolkit.Samples.ARStarterAssets.Editor.csproj", "{ce2c7989-38c4-0250-582b-9aa75635105f}"
EndProject
Global
	GlobalSection(SolutionConfigurationPlatforms) = preSolution
		Debug|Any CPU = Debug|Any CPU
	EndGlobalSection
	GlobalSection(ProjectConfigurationPlatforms) = postSolution
		{5212b88c-d3c4-89e0-8033-c712f8c36b41}.Debug|Any CPU.ActiveCfg = Debug|Any CPU
		{5212b88c-d3c4-89e0-8033-c712f8c36b41}.Debug|Any CPU.Build.0 = Debug|Any CPU
		{32a7b6ae-a511-fd41-807a-4621f9b091f4}.Debug|Any CPU.ActiveCfg = Debug|Any CPU
		{32a7b6ae-a511-fd41-807a-4621f9b091f4}.Debug|Any CPU.Build.0 = Debug|Any CPU
		{a40f2c8b-ce9e-517c-678d-c7c58a340dcf}.Debug|Any CPU.ActiveCfg = Debug|Any CPU
		{a40f2c8b-ce9e-517c-678d-c7c58a340dcf}.Debug|Any CPU.Build.0 = Debug|Any CPU
		{5f7107d0-b21e-1d26-c8d8-f48ce6289c1b}.Debug|Any CPU.ActiveCfg = Debug|Any CPU
		{5f7107d0-b21e-1d26-c8d8-f48ce6289c1b}.Debug|Any CPU.Build.0 = Debug|Any CPU
		{989b04fc-d8dc-8fbd-01ce-6056f349e3b6}.Debug|Any CPU.ActiveCfg = Debug|Any CPU
		{989b04fc-d8dc-8fbd-01ce-6056f349e3b6}.Debug|Any CPU.Build.0 = Debug|Any CPU
		{4bf04e56-d8d6-9241-2203-bb5956900a02}.Debug|Any CPU.ActiveCfg = Debug|Any CPU
		{4bf04e56-d8d6-9241-2203-bb5956900a02}.Debug|Any CPU.Build.0 = Debug|Any CPU
		{ce2c7989-38c4-0250-582b-9aa75635105f}.Debug|Any CPU.ActiveCfg = Debug|Any CPU
		{ce2c7989-38c4-0250-582b-9aa75635105f}.Debug|Any CPU.Build.0 = Debug|Any CPU
	EndGlobalSection
	GlobalSection(SolutionProperties) = preSolution
		HideSolutionNode = FALSE
	EndGlobalSection
EndGlobal
