
Microsoft Visual Studio Solution File, Format Version 12.00
# Visual Studio 15
Project("{FAE04EC0-301F-11D3-BF4B-00C04F79EFBC}") = "Unity.XR.Interaction.Toolkit.Samples.StarterAssets", "Unity.XR.Interaction.Toolkit.Samples.StarterAssets.csproj", "{8B2C0FA4-9ECE-7C51-678D-C7C58A340DCF}"
EndProject
Project("{FAE04EC0-301F-11D3-BF4B-00C04F79EFBC}") = "Assembly-CSharp", "Assembly-CSharp.csproj", "{8CB81252-C4D3-E089-8033-C712F8C36B41}"
EndProject
Project("{FAE04EC0-301F-11D3-BF4B-00C04F79EFBC}") = "Unity.XR.Interaction.Toolkit.Samples.ARStarterAssets", "Unity.XR.Interaction.Toolkit.Samples.ARStarterAssets.csproj", "{D007715F-1EB2-261D-C8D8-F48CE6289C1B}"
EndProject
Project("{FAE04EC0-301F-11D3-BF4B-00C04F79EFBC}") = "Unity.XR.Interaction.Toolkit.Samples.StarterAssets.Editor", "Unity.XR.Interaction.Toolkit.Samples.StarterAssets.Editor.csproj", "{564EF04B-D6D8-4192-2203-BB5956900A02}"
EndProject
Project("{FAE04EC0-301F-11D3-BF4B-00C04F79EFBC}") = "Unity.XR.Interaction.Toolkit.Samples.ARStarterAssets.Editor", "Unity.XR.Interaction.Toolkit.Samples.ARStarterAssets.Editor.csproj", "{89792CCE-C438-5002-582B-9AA75635105F}"
EndProject
Global
	GlobalSection(SolutionConfigurationPlatforms) = preSolution
		Debug|Any CPU = Debug|Any CPU
		Release|Any CPU = Release|Any CPU
	EndGlobalSection
	GlobalSection(ProjectConfigurationPlatforms) = postSolution
		{8B2C0FA4-9ECE-7C51-678D-C7C58A340DCF}.Debug|Any CPU.ActiveCfg = Debug|Any CPU
		{8B2C0FA4-9ECE-7C51-678D-C7C58A340DCF}.Debug|Any CPU.Build.0 = Debug|Any CPU
		{8B2C0FA4-9ECE-7C51-678D-C7C58A340DCF}.Release|Any CPU.ActiveCfg = Release|Any CPU
		{8B2C0FA4-9ECE-7C51-678D-C7C58A340DCF}.Release|Any CPU.Build.0 = Release|Any CPU
		{8CB81252-C4D3-E089-8033-C712F8C36B41}.Debug|Any CPU.ActiveCfg = Debug|Any CPU
		{8CB81252-C4D3-E089-8033-C712F8C36B41}.Debug|Any CPU.Build.0 = Debug|Any CPU
		{8CB81252-C4D3-E089-8033-C712F8C36B41}.Release|Any CPU.ActiveCfg = Release|Any CPU
		{8CB81252-C4D3-E089-8033-C712F8C36B41}.Release|Any CPU.Build.0 = Release|Any CPU
		{D007715F-1EB2-261D-C8D8-F48CE6289C1B}.Debug|Any CPU.ActiveCfg = Debug|Any CPU
		{D007715F-1EB2-261D-C8D8-F48CE6289C1B}.Debug|Any CPU.Build.0 = Debug|Any CPU
		{D007715F-1EB2-261D-C8D8-F48CE6289C1B}.Release|Any CPU.ActiveCfg = Release|Any CPU
		{D007715F-1EB2-261D-C8D8-F48CE6289C1B}.Release|Any CPU.Build.0 = Release|Any CPU
		{564EF04B-D6D8-4192-2203-BB5956900A02}.Debug|Any CPU.ActiveCfg = Debug|Any CPU
		{564EF04B-D6D8-4192-2203-BB5956900A02}.Debug|Any CPU.Build.0 = Debug|Any CPU
		{564EF04B-D6D8-4192-2203-BB5956900A02}.Release|Any CPU.ActiveCfg = Release|Any CPU
		{564EF04B-D6D8-4192-2203-BB5956900A02}.Release|Any CPU.Build.0 = Release|Any CPU
		{89792CCE-C438-5002-582B-9AA75635105F}.Debug|Any CPU.ActiveCfg = Debug|Any CPU
		{89792CCE-C438-5002-582B-9AA75635105F}.Debug|Any CPU.Build.0 = Debug|Any CPU
		{89792CCE-C438-5002-582B-9AA75635105F}.Release|Any CPU.ActiveCfg = Release|Any CPU
		{89792CCE-C438-5002-582B-9AA75635105F}.Release|Any CPU.Build.0 = Release|Any CPU
	EndGlobalSection
	GlobalSection(SolutionProperties) = preSolution
		HideSolutionNode = FALSE
	EndGlobalSection
EndGlobal
